PODS:
  - SideMenuSwift (2.0.3)
  - SWXMLHash (5.0.1)

DEPENDENCIES:
  - SideMenuSwift
  - SWXMLHash (~> 5.0.0)

SPEC REPOS:
  trunk:
    - SideMenuSwift
    - SWXMLHash

SPEC CHECKSUMS:
  SideMenuSwift: 5c2b1496544ce3f1f08f4dddf4810eaac49f543d
  SWXMLHash: 9cc0c2e4807926c74377724aa8722ee5707a0485

PODFILE CHECKSUM: 9e83d35f389fcf41ab2e292826cb2d52261590fc

COCOAPODS: 1.8.4
